{
  "name": "balance-budget",
  "lockfileVersion": 3,
  "requires": true,
  "packages": {
    "": {
      "dependencies": {
        "copilot": "^0.0.2"
      }
    },
    "node_modules/@github/copilot": {
      "version": "0.0.384",
      "resolved": "https://registry.npmjs.org/@github/copilot/-/copilot-0.0.384.tgz",
      "integrity": "sha512-kcM+H33oPgYAsnu5ESd5IS3zw2HnV26+D/ZRB42EUF0f4FfITZchRBYguZLgk2g+7NCDHHM9vZ/Kg7699byEaA==",
      "license": "SEE LICENSE IN LICENSE.md",
      "bin": {
        "copilot": "npm-loader.js"
      },
      "engines": {
        "node": ">=22"
      },
      "optionalDependencies": {
        "@github/copilot-darwin-arm64": "0.0.384",
        "@github/copilot-darwin-x64": "0.0.384",
        "@github/copilot-linux-arm64": "0.0.384",
        "@github/copilot-linux-x64": "0.0.384",
        "@github/copilot-win32-arm64": "0.0.384",
        "@github/copilot-win32-x64": "0.0.384"
      }
    },
    "node_modules/@github/copilot-darwin-arm64": {
      "version": "0.0.384",
      "resolved": "https://registry.npmjs.org/@github/copilot-darwin-arm64/-/copilot-darwin-arm64-0.0.384.tgz",
      "integrity": "sha512-lSJxgCgFaIz+6RkT/SpXBuysKQru6xCF0prnCZp2tvywOmulsujtbCndBPFCpaUlm7XQh87TZ3RSrkzdisLtjQ==",
      "cpu": [
        "arm64"
      ],
      "license": "SEE LICENSE IN LICENSE.md",
      "optional": true,
      "os": [
        "darwin"
      ],
      "bin": {
        "copilot-darwin-arm64": "copilot"
      }
    },
    "node_modules/@github/copilot-darwin-x64": {
      "version": "0.0.384",
      "resolved": "https://registry.npmjs.org/@github/copilot-darwin-x64/-/copilot-darwin-x64-0.0.384.tgz",
      "integrity": "sha512-mkkgGQn/YMcrBPkaOsmi4JrM/ItSzC1eIBFitiqCw/+LbWEQTVqAwdQLrjo2QtFoGgs+IMJNAZbnnAe6DQ20Eg==",
      "cpu": [
        "x64"
      ],
      "license": "SEE LICENSE IN LICENSE.md",
      "optional": true,
      "os": [
        "darwin"
      ],
      "bin": {
        "copilot-darwin-x64": "copilot"
      }
    },
    "node_modules/@github/copilot-linux-arm64": {
      "version": "0.0.384",
      "resolved": "https://registry.npmjs.org/@github/copilot-linux-arm64/-/copilot-linux-arm64-0.0.384.tgz",
      "integrity": "sha512-TdWNkmEKHXrxLgcnmxtUaem+0eQbggGqxcUiD0jYMnJQ5HWgap1ARHF4To5CnjR7EVBRlxo3ikDlWnHi9dwLqA==",
      "cpu": [
        "arm64"
      ],
      "license": "SEE LICENSE IN LICENSE.md",
      "optional": true,
      "os": [
        "linux"
      ],
      "bin": {
        "copilot-linux-arm64": "copilot"
      }
    },
    "node_modules/@github/copilot-linux-x64": {
      "version": "0.0.384",
      "resolved": "https://registry.npmjs.org/@github/copilot-linux-x64/-/copilot-linux-x64-0.0.384.tgz",
      "integrity": "sha512-rl1IEtd+xGPRDLqJJ4NGd3JHvbR48zf6qUFgVb8Si6LGXNuRl9Wiol97JxOVpAKCKOjYdHMSWxPu5TmQfJXDuA==",
      "cpu": [
        "x64"
      ],
      "license": "SEE LICENSE IN LICENSE.md",
      "optional": true,
      "os": [
        "linux"
      ],
      "bin": {
        "copilot-linux-x64": "copilot"
      }
    },
    "node_modules/@github/copilot-win32-arm64": {
      "version": "0.0.384",
      "resolved": "https://registry.npmjs.org/@github/copilot-win32-arm64/-/copilot-win32-arm64-0.0.384.tgz",
      "integrity": "sha512-mQXEMqZtNznhkxD0vVIvvvqduJWSpsyHxgL/5R598vCcCM5DLV8khNqW6DRHep5gi39tp96Wo9HYl4wytdMHpA==",
      "cpu": [
        "arm64"
      ],
      "license": "SEE LICENSE IN LICENSE.md",
      "optional": true,
      "os": [
        "win32"
      ],
      "bin": {
        "copilot-win32-arm64": "copilot.exe"
      }
    },
    "node_modules/@github/copilot-win32-x64": {
      "version": "0.0.384",
      "resolved": "https://registry.npmjs.org/@github/copilot-win32-x64/-/copilot-win32-x64-0.0.384.tgz",
      "integrity": "sha512-emFbcsqGuut1aU3HfeMB1HIW3e2nVz21SepQREGBdnDwJSZFPGguPmHHvkc/TsdAef8cId8QBQj/FtSfaxlZWA==",
      "cpu": [
        "x64"
      ],
      "license": "SEE LICENSE IN LICENSE.md",
      "optional": true,
      "os": [
        "win32"
      ],
      "bin": {
        "copilot-win32-x64": "copilot.exe"
      }
    },
    "node_modules/copilot": {
      "version": "0.0.2",
      "resolved": "https://registry.npmjs.org/copilot/-/copilot-0.0.2.tgz",
      "integrity": "sha512-nedf34AaYj9JnFhRmiJEZemAno2WDXMypq6FW5aCVR0N+QdpQ6viukP1JpvJDChpaMEVvbUkMjmjMifJbO/AgQ==",
      "dependencies": {
        "@github/copilot": "latest"
      },
      "bin": {
        "copilot": "node_modules/@github/copilot/index.js"
      }
    }
  }
}
